// !$*UTF8*$!
{
	archiveVersion = 1;
	classes = {
	};
	objectVersion = 77;
	objects = {

/* Begin PBXBuildFile section */
		663658D72CE73D5E000EA09D /* CombineCocoa in Frameworks */ = {isa = PBXBuildFile; productRef = 663658D62CE73D5E000EA09D /* CombineCocoa */; };
		66779B402CF3847B0052C9AA /* Localizable.strings in Resources */ = {isa = PBXBuildFile; fileRef = 66779B3E2CF3847B0052C9AA /* Localizable.strings */; };
		66779B412CF3847B0052C9AA /* Localizable.strings in Resources */ = {isa = PBXBuildFile; fileRef = 66779B3E2CF3847B0052C9AA /* Localizable.strings */; };
		66813AE92CEE31EA00D1FACE /* TransformationCollectionViewCell.xib in Resources */ = {isa = PBXBuildFile; fileRef = 66813AD02CEE31EA00D1FACE /* TransformationCollectionViewCell.xib */; };
		66813AEA2CEE31EA00D1FACE /* DetailsViewController.xib in Resources */ = {isa = PBXBuildFile; fileRef = 66813AD32CEE31EA00D1FACE /* DetailsViewController.xib */; };
		66813AEB2CEE31EA00D1FACE /* HeroTableViewCell.xib in Resources */ = {isa = PBXBuildFile; fileRef = 66813AD62CEE31EA00D1FACE /* HeroTableViewCell.xib */; };
		66813AEC2CEE31EA00D1FACE /* HeroTableViewController.xib in Resources */ = {isa = PBXBuildFile; fileRef = 66813AD92CEE31EA00D1FACE /* HeroTableViewController.xib */; };
		66813AED2CEE31EA00D1FACE /* LoginViewController.xib in Resources */ = {isa = PBXBuildFile; fileRef = 66813ADC2CEE31EA00D1FACE /* LoginViewController.xib */; };
		66813AEE2CEE31EA00D1FACE /* Assets.xcassets in Resources */ = {isa = PBXBuildFile; fileRef = 66813AE02CEE31EA00D1FACE /* Assets.xcassets */; };
		66813AF02CEE31EA00D1FACE /* LaunchScreen.storyboard in Resources */ = {isa = PBXBuildFile; fileRef = 66813AE32CEE31EA00D1FACE /* LaunchScreen.storyboard */; };
		66813AF22CEE31EA00D1FACE /* AuthenticationError.swift in Sources */ = {isa = PBXBuildFile; fileRef = 66813ABB2CEE31EA00D1FACE /* AuthenticationError.swift */; };
		66813AF32CEE31EA00D1FACE /* NetworkLogin.swift in Sources */ = {isa = PBXBuildFile; fileRef = 66813ABC2CEE31EA00D1FACE /* NetworkLogin.swift */; };
		66813AF42CEE31EA00D1FACE /* BaseNetwork.swift in Sources */ = {isa = PBXBuildFile; fileRef = 66813ABD2CEE31EA00D1FACE /* BaseNetwork.swift */; };
		66813AF52CEE31EA00D1FACE /* Endpoints.swift in Sources */ = {isa = PBXBuildFile; fileRef = 66813ABE2CEE31EA00D1FACE /* Endpoints.swift */; };
		66813AF72CEE31EA00D1FACE /* Hero.swift in Sources */ = {isa = PBXBuildFile; fileRef = 66813AC22CEE31EA00D1FACE /* Hero.swift */; };
		66813AF82CEE31EA00D1FACE /* KeyChain.swift in Sources */ = {isa = PBXBuildFile; fileRef = 66813AC32CEE31EA00D1FACE /* KeyChain.swift */; };
		66813AF92CEE31EA00D1FACE /* Transformation.swift in Sources */ = {isa = PBXBuildFile; fileRef = 66813AC42CEE31EA00D1FACE /* Transformation.swift */; };
		66813AFB2CEE31EA00D1FACE /* ToastView.swift in Sources */ = {isa = PBXBuildFile; fileRef = 66813AC82CEE31EA00D1FACE /* ToastView.swift */; };
		66813AFC2CEE31EA00D1FACE /* UIImage+Extensions.swift in Sources */ = {isa = PBXBuildFile; fileRef = 66813AC92CEE31EA00D1FACE /* UIImage+Extensions.swift */; };
		66813AFD2CEE31EA00D1FACE /* DetailsViewModel.swift in Sources */ = {isa = PBXBuildFile; fileRef = 66813ACB2CEE31EA00D1FACE /* DetailsViewModel.swift */; };
		66813AFE2CEE31EA00D1FACE /* HeroesViewModel.swift in Sources */ = {isa = PBXBuildFile; fileRef = 66813ACC2CEE31EA00D1FACE /* HeroesViewModel.swift */; };
		66813AFF2CEE31EA00D1FACE /* LoginViewModel.swift in Sources */ = {isa = PBXBuildFile; fileRef = 66813ACD2CEE31EA00D1FACE /* LoginViewModel.swift */; };
		66813B002CEE31EA00D1FACE /* TransformationCollectionViewCell.swift in Sources */ = {isa = PBXBuildFile; fileRef = 66813ACF2CEE31EA00D1FACE /* TransformationCollectionViewCell.swift */; };
		66813B012CEE31EA00D1FACE /* DetailsViewController.swift in Sources */ = {isa = PBXBuildFile; fileRef = 66813AD22CEE31EA00D1FACE /* DetailsViewController.swift */; };
		66813B022CEE31EA00D1FACE /* HeroTableViewCell.swift in Sources */ = {isa = PBXBuildFile; fileRef = 66813AD52CEE31EA00D1FACE /* HeroTableViewCell.swift */; };
		66813B032CEE31EA00D1FACE /* HeroTableViewController.swift in Sources */ = {isa = PBXBuildFile; fileRef = 66813AD82CEE31EA00D1FACE /* HeroTableViewController.swift */; };
		66813B042CEE31EA00D1FACE /* LoginViewController.swift in Sources */ = {isa = PBXBuildFile; fileRef = 66813ADB2CEE31EA00D1FACE /* LoginViewController.swift */; };
		66813B052CEE31EA00D1FACE /* AppDelegate.swift in Sources */ = {isa = PBXBuildFile; fileRef = 66813ADF2CEE31EA00D1FACE /* AppDelegate.swift */; };
		66813B062CEE31EA00D1FACE /* SceneDelegate.swift in Sources */ = {isa = PBXBuildFile; fileRef = 66813AE62CEE31EA00D1FACE /* SceneDelegate.swift */; };
		66813B1E2CEE411000D1FACE /* LoginUseCase.swift in Sources */ = {isa = PBXBuildFile; fileRef = 66813B1D2CEE410200D1FACE /* LoginUseCase.swift */; };
		66813B222CEE416600D1FACE /* LoginRepositoryProtocol.swift in Sources */ = {isa = PBXBuildFile; fileRef = 66813B212CEE415D00D1FACE /* LoginRepositoryProtocol.swift */; };
		66813B242CEE41AC00D1FACE /* LoginUseCaseProtocol.swift in Sources */ = {isa = PBXBuildFile; fileRef = 66813B232CEE41A500D1FACE /* LoginUseCaseProtocol.swift */; };
		66813B282CEE42A500D1FACE /* HTTPResponseCodes.swift in Sources */ = {isa = PBXBuildFile; fileRef = 66813B272CEE429600D1FACE /* HTTPResponseCodes.swift */; };
		66813B2A2CEE43EB00D1FACE /* HTTPMethods.swift in Sources */ = {isa = PBXBuildFile; fileRef = 66813B292CEE43EB00D1FACE /* HTTPMethods.swift */; };
		66813B2C2CEE470D00D1FACE /* ConstantsApp.swift in Sources */ = {isa = PBXBuildFile; fileRef = 66813B2B2CEE470300D1FACE /* ConstantsApp.swift */; };
		66813B2E2CEE4BB100D1FACE /* NetworkHeroe.swift in Sources */ = {isa = PBXBuildFile; fileRef = 66813B2D2CEE4BAB00D1FACE /* NetworkHeroe.swift */; };
		66813B332CEE4EEA00D1FACE /* LoginRepository.swift in Sources */ = {isa = PBXBuildFile; fileRef = 66813B322CEE4EE000D1FACE /* LoginRepository.swift */; };
		66813B352CEE525100D1FACE /* LoginRepositoryFake.swift in Sources */ = {isa = PBXBuildFile; fileRef = 66813B342CEE524300D1FACE /* LoginRepositoryFake.swift */; };
		66813B372CEE5C3600D1FACE /* NetworkTransformation.swift in Sources */ = {isa = PBXBuildFile; fileRef = 66813B362CEE5C2C00D1FACE /* NetworkTransformation.swift */; };
		66813B392CEE5D3C00D1FACE /* HeroRepository.swift in Sources */ = {isa = PBXBuildFile; fileRef = 66813B382CEE5D3300D1FACE /* HeroRepository.swift */; };
		66813B3B2CEE5D5600D1FACE /* TransformationRepository.swift in Sources */ = {isa = PBXBuildFile; fileRef = 66813B3A2CEE5D4A00D1FACE /* TransformationRepository.swift */; };
		66813B3D2CEE5EF300D1FACE /* HeroUseCaseProtocol.swift in Sources */ = {isa = PBXBuildFile; fileRef = 66813B3C2CEE5EF300D1FACE /* HeroUseCaseProtocol.swift */; };
		66813B3F2CEE5F0800D1FACE /* HeroRepositoryProtocol.swift in Sources */ = {isa = PBXBuildFile; fileRef = 66813B3E2CEE5F0800D1FACE /* HeroRepositoryProtocol.swift */; };
		66813B412CEE5F8D00D1FACE /* TransformationRepositoryProtocol.swift in Sources */ = {isa = PBXBuildFile; fileRef = 66813B402CEE5F8D00D1FACE /* TransformationRepositoryProtocol.swift */; };
		66813B432CEE5F9B00D1FACE /* TransformationUseCaseProtocol.swift in Sources */ = {isa = PBXBuildFile; fileRef = 66813B422CEE5F9A00D1FACE /* TransformationUseCaseProtocol.swift */; };
		66813B452CEE600700D1FACE /* HeroUseCase.swift in Sources */ = {isa = PBXBuildFile; fileRef = 66813B442CEE600700D1FACE /* HeroUseCase.swift */; };
		66813B472CEE603100D1FACE /* TransformationUseCase.swift in Sources */ = {isa = PBXBuildFile; fileRef = 66813B462CEE603100D1FACE /* TransformationUseCase.swift */; };
		66813B492CEE638900D1FACE /* HeroRepositoryFake.swift in Sources */ = {isa = PBXBuildFile; fileRef = 66813B482CEE638900D1FACE /* HeroRepositoryFake.swift */; };
		66813B4B2CEE639E00D1FACE /* TransformationRepositoryFake.swift in Sources */ = {isa = PBXBuildFile; fileRef = 66813B4A2CEE639E00D1FACE /* TransformationRepositoryFake.swift */; };
		66C8828A2CF324D600626D35 /* UIView+Extensions.swift in Sources */ = {isa = PBXBuildFile; fileRef = 66C882892CF324C400626D35 /* UIView+Extensions.swift */; };
		66C8828C2CF3263000626D35 /* KeyboardManager.swift in Sources */ = {isa = PBXBuildFile; fileRef = 66C8828B2CF3263000626D35 /* KeyboardManager.swift */; };
		66D1D4352CE67AFE00F546B2 /* KeychainSwift in Frameworks */ = {isa = PBXBuildFile; productRef = 66D1D4342CE67AFE00F546B2 /* KeychainSwift */; };
/* End PBXBuildFile section */

/* Begin PBXContainerItemProxy section */
		66D1D40E2CE678E400F546B2 /* PBXContainerItemProxy */ = {
			isa = PBXContainerItemProxy;
			containerPortal = 66D1D3EF2CE678E200F546B2 /* Project object */;
			proxyType = 1;
			remoteGlobalIDString = 66D1D3F62CE678E200F546B2;
			remoteInfo = KCReactive;
		};
/* End PBXContainerItemProxy section */

/* Begin PBXFileReference section */
		66779B3F2CF3847B0052C9AA /* en */ = {isa = PBXFileReference; lastKnownFileType = text.plist.strings; name = en; path = en.lproj/Localizable.strings; sourceTree = "<group>"; };
		66779B422CF384CF0052C9AA /* es */ = {isa = PBXFileReference; lastKnownFileType = text.plist.strings; name = es; path = es.lproj/LaunchScreen.strings; sourceTree = "<group>"; };
		66779B432CF384F40052C9AA /* es */ = {isa = PBXFileReference; lastKnownFileType = text.plist.strings; name = es; path = es.lproj/Localizable.strings; sourceTree = "<group>"; };
		66813ABB2CEE31EA00D1FACE /* AuthenticationError.swift */ = {isa = PBXFileReference; lastKnownFileType = sourcecode.swift; path = AuthenticationError.swift; sourceTree = "<group>"; };
		66813ABC2CEE31EA00D1FACE /* NetworkLogin.swift */ = {isa = PBXFileReference; lastKnownFileType = sourcecode.swift; path = NetworkLogin.swift; sourceTree = "<group>"; };
		66813ABD2CEE31EA00D1FACE /* BaseNetwork.swift */ = {isa = PBXFileReference; lastKnownFileType = sourcecode.swift; path = BaseNetwork.swift; sourceTree = "<group>"; };
		66813ABE2CEE31EA00D1FACE /* Endpoints.swift */ = {isa = PBXFileReference; lastKnownFileType = sourcecode.swift; path = Endpoints.swift; sourceTree = "<group>"; };
		66813AC22CEE31EA00D1FACE /* Hero.swift */ = {isa = PBXFileReference; lastKnownFileType = sourcecode.swift; path = Hero.swift; sourceTree = "<group>"; };
		66813AC32CEE31EA00D1FACE /* KeyChain.swift */ = {isa = PBXFileReference; lastKnownFileType = sourcecode.swift; path = KeyChain.swift; sourceTree = "<group>"; };
		66813AC42CEE31EA00D1FACE /* Transformation.swift */ = {isa = PBXFileReference; lastKnownFileType = sourcecode.swift; path = Transformation.swift; sourceTree = "<group>"; };
		66813AC82CEE31EA00D1FACE /* ToastView.swift */ = {isa = PBXFileReference; lastKnownFileType = sourcecode.swift; path = ToastView.swift; sourceTree = "<group>"; };
		66813AC92CEE31EA00D1FACE /* UIImage+Extensions.swift */ = {isa = PBXFileReference; lastKnownFileType = sourcecode.swift; path = "UIImage+Extensions.swift"; sourceTree = "<group>"; };
		66813ACB2CEE31EA00D1FACE /* DetailsViewModel.swift */ = {isa = PBXFileReference; lastKnownFileType = sourcecode.swift; path = DetailsViewModel.swift; sourceTree = "<group>"; };
		66813ACC2CEE31EA00D1FACE /* HeroesViewModel.swift */ = {isa = PBXFileReference; lastKnownFileType = sourcecode.swift; path = HeroesViewModel.swift; sourceTree = "<group>"; };
		66813ACD2CEE31EA00D1FACE /* LoginViewModel.swift */ = {isa = PBXFileReference; lastKnownFileType = sourcecode.swift; path = LoginViewModel.swift; sourceTree = "<group>"; };
		66813ACF2CEE31EA00D1FACE /* TransformationCollectionViewCell.swift */ = {isa = PBXFileReference; lastKnownFileType = sourcecode.swift; path = TransformationCollectionViewCell.swift; sourceTree = "<group>"; };
		66813AD02CEE31EA00D1FACE /* TransformationCollectionViewCell.xib */ = {isa = PBXFileReference; lastKnownFileType = file.xib; path = TransformationCollectionViewCell.xib; sourceTree = "<group>"; };
		66813AD22CEE31EA00D1FACE /* DetailsViewController.swift */ = {isa = PBXFileReference; lastKnownFileType = sourcecode.swift; path = DetailsViewController.swift; sourceTree = "<group>"; };
		66813AD32CEE31EA00D1FACE /* DetailsViewController.xib */ = {isa = PBXFileReference; lastKnownFileType = file.xib; path = DetailsViewController.xib; sourceTree = "<group>"; };
		66813AD52CEE31EA00D1FACE /* HeroTableViewCell.swift */ = {isa = PBXFileReference; lastKnownFileType = sourcecode.swift; path = HeroTableViewCell.swift; sourceTree = "<group>"; };
		66813AD62CEE31EA00D1FACE /* HeroTableViewCell.xib */ = {isa = PBXFileReference; lastKnownFileType = file.xib; path = HeroTableViewCell.xib; sourceTree = "<group>"; };
		66813AD82CEE31EA00D1FACE /* HeroTableViewController.swift */ = {isa = PBXFileReference; lastKnownFileType = sourcecode.swift; path = HeroTableViewController.swift; sourceTree = "<group>"; };
		66813AD92CEE31EA00D1FACE /* HeroTableViewController.xib */ = {isa = PBXFileReference; lastKnownFileType = file.xib; path = HeroTableViewController.xib; sourceTree = "<group>"; };
		66813ADB2CEE31EA00D1FACE /* LoginViewController.swift */ = {isa = PBXFileReference; lastKnownFileType = sourcecode.swift; path = LoginViewController.swift; sourceTree = "<group>"; };
		66813ADC2CEE31EA00D1FACE /* LoginViewController.xib */ = {isa = PBXFileReference; lastKnownFileType = file.xib; path = LoginViewController.xib; sourceTree = "<group>"; };
		66813ADF2CEE31EA00D1FACE /* AppDelegate.swift */ = {isa = PBXFileReference; lastKnownFileType = sourcecode.swift; path = AppDelegate.swift; sourceTree = "<group>"; };
		66813AE02CEE31EA00D1FACE /* Assets.xcassets */ = {isa = PBXFileReference; lastKnownFileType = folder.assetcatalog; path = Assets.xcassets; sourceTree = "<group>"; };
		66813AE12CEE31EA00D1FACE /* Info.plist */ = {isa = PBXFileReference; lastKnownFileType = text.plist.xml; path = Info.plist; sourceTree = "<group>"; };
		66813AE22CEE31EA00D1FACE /* Base */ = {isa = PBXFileReference; lastKnownFileType = file.storyboard; name = Base; path = Base.lproj/LaunchScreen.storyboard; sourceTree = "<group>"; };
		66813AE62CEE31EA00D1FACE /* SceneDelegate.swift */ = {isa = PBXFileReference; lastKnownFileType = sourcecode.swift; path = SceneDelegate.swift; sourceTree = "<group>"; };
		66813B1D2CEE410200D1FACE /* LoginUseCase.swift */ = {isa = PBXFileReference; lastKnownFileType = sourcecode.swift; path = LoginUseCase.swift; sourceTree = "<group>"; };
		66813B212CEE415D00D1FACE /* LoginRepositoryProtocol.swift */ = {isa = PBXFileReference; lastKnownFileType = sourcecode.swift; path = LoginRepositoryProtocol.swift; sourceTree = "<group>"; };
		66813B232CEE41A500D1FACE /* LoginUseCaseProtocol.swift */ = {isa = PBXFileReference; lastKnownFileType = sourcecode.swift; path = LoginUseCaseProtocol.swift; sourceTree = "<group>"; };
		66813B272CEE429600D1FACE /* HTTPResponseCodes.swift */ = {isa = PBXFileReference; lastKnownFileType = sourcecode.swift; path = HTTPResponseCodes.swift; sourceTree = "<group>"; };
		66813B292CEE43EB00D1FACE /* HTTPMethods.swift */ = {isa = PBXFileReference; lastKnownFileType = sourcecode.swift; path = HTTPMethods.swift; sourceTree = "<group>"; };
		66813B2B2CEE470300D1FACE /* ConstantsApp.swift */ = {isa = PBXFileReference; lastKnownFileType = sourcecode.swift; path = ConstantsApp.swift; sourceTree = "<group>"; };
		66813B2D2CEE4BAB00D1FACE /* NetworkHeroe.swift */ = {isa = PBXFileReference; lastKnownFileType = sourcecode.swift; path = NetworkHeroe.swift; sourceTree = "<group>"; };
		66813B322CEE4EE000D1FACE /* LoginRepository.swift */ = {isa = PBXFileReference; lastKnownFileType = sourcecode.swift; path = LoginRepository.swift; sourceTree = "<group>"; };
		66813B342CEE524300D1FACE /* LoginRepositoryFake.swift */ = {isa = PBXFileReference; lastKnownFileType = sourcecode.swift; path = LoginRepositoryFake.swift; sourceTree = "<group>"; };
		66813B362CEE5C2C00D1FACE /* NetworkTransformation.swift */ = {isa = PBXFileReference; lastKnownFileType = sourcecode.swift; path = NetworkTransformation.swift; sourceTree = "<group>"; };
		66813B382CEE5D3300D1FACE /* HeroRepository.swift */ = {isa = PBXFileReference; lastKnownFileType = sourcecode.swift; path = HeroRepository.swift; sourceTree = "<group>"; };
		66813B3A2CEE5D4A00D1FACE /* TransformationRepository.swift */ = {isa = PBXFileReference; lastKnownFileType = sourcecode.swift; path = TransformationRepository.swift; sourceTree = "<group>"; };
		66813B3C2CEE5EF300D1FACE /* HeroUseCaseProtocol.swift */ = {isa = PBXFileReference; lastKnownFileType = sourcecode.swift; path = HeroUseCaseProtocol.swift; sourceTree = "<group>"; };
		66813B3E2CEE5F0800D1FACE /* HeroRepositoryProtocol.swift */ = {isa = PBXFileReference; lastKnownFileType = sourcecode.swift; path = HeroRepositoryProtocol.swift; sourceTree = "<group>"; };
		66813B402CEE5F8D00D1FACE /* TransformationRepositoryProtocol.swift */ = {isa = PBXFileReference; lastKnownFileType = sourcecode.swift; path = TransformationRepositoryProtocol.swift; sourceTree = "<group>"; };
		66813B422CEE5F9A00D1FACE /* TransformationUseCaseProtocol.swift */ = {isa = PBXFileReference; lastKnownFileType = sourcecode.swift; path = TransformationUseCaseProtocol.swift; sourceTree = "<group>"; };
		66813B442CEE600700D1FACE /* HeroUseCase.swift */ = {isa = PBXFileReference; lastKnownFileType = sourcecode.swift; path = HeroUseCase.swift; sourceTree = "<group>"; };
		66813B462CEE603100D1FACE /* TransformationUseCase.swift */ = {isa = PBXFileReference; lastKnownFileType = sourcecode.swift; path = TransformationUseCase.swift; sourceTree = "<group>"; };
		66813B482CEE638900D1FACE /* HeroRepositoryFake.swift */ = {isa = PBXFileReference; lastKnownFileType = sourcecode.swift; path = HeroRepositoryFake.swift; sourceTree = "<group>"; };
		66813B4A2CEE639E00D1FACE /* TransformationRepositoryFake.swift */ = {isa = PBXFileReference; lastKnownFileType = sourcecode.swift; path = TransformationRepositoryFake.swift; sourceTree = "<group>"; };
		66C882892CF324C400626D35 /* UIView+Extensions.swift */ = {isa = PBXFileReference; lastKnownFileType = sourcecode.swift; path = "UIView+Extensions.swift"; sourceTree = "<group>"; };
		66C8828B2CF3263000626D35 /* KeyboardManager.swift */ = {isa = PBXFileReference; lastKnownFileType = sourcecode.swift; path = KeyboardManager.swift; sourceTree = "<group>"; };
		66D1D3F72CE678E200F546B2 /* KCReactive.app */ = {isa = PBXFileReference; explicitFileType = wrapper.application; includeInIndex = 0; path = KCReactive.app; sourceTree = BUILT_PRODUCTS_DIR; };
		66D1D40D2CE678E400F546B2 /* KCReactiveTests.xctest */ = {isa = PBXFileReference; explicitFileType = wrapper.cfbundle; includeInIndex = 0; path = KCReactiveTests.xctest; sourceTree = BUILT_PRODUCTS_DIR; };
/* End PBXFileReference section */

/* Begin PBXFileSystemSynchronizedRootGroup section */
		66D1D4102CE678E400F546B2 /* KCReactiveTests */ = {
			isa = PBXFileSystemSynchronizedRootGroup;
			path = KCReactiveTests;
			sourceTree = "<group>";
		};
/* End PBXFileSystemSynchronizedRootGroup section */

/* Begin PBXFrameworksBuildPhase section */
		66D1D3F42CE678E200F546B2 /* Frameworks */ = {
			isa = PBXFrameworksBuildPhase;
			buildActionMask = 2147483647;
			files = (
				663658D72CE73D5E000EA09D /* CombineCocoa in Frameworks */,
				66D1D4352CE67AFE00F546B2 /* KeychainSwift in Frameworks */,
			);
			runOnlyForDeploymentPostprocessing = 0;
		};
		66D1D40A2CE678E400F546B2 /* Frameworks */ = {
			isa = PBXFrameworksBuildPhase;
			buildActionMask = 2147483647;
			files = (
			);
			runOnlyForDeploymentPostprocessing = 0;
		};
/* End PBXFrameworksBuildPhase section */

/* Begin PBXGroup section */
		66813AC12CEE31EA00D1FACE /* Data */ = {
			isa = PBXGroup;
			children = (
				66813B0C2CEE35F800D1FACE /* Repositories */,
				66813B0B2CEE35EB00D1FACE /* Network */,
				66813B0A2CEE35D100D1FACE /* Local */,
			);
			path = Data;
			sourceTree = "<group>";
		};
		66813AC52CEE31EA00D1FACE /* Entities */ = {
			isa = PBXGroup;
			children = (
				66813AC22CEE31EA00D1FACE /* Hero.swift */,
				66813AC32CEE31EA00D1FACE /* KeyChain.swift */,
				66813AC42CEE31EA00D1FACE /* Transformation.swift */,
			);
			path = Entities;
			sourceTree = "<group>";
		};
		66813AC62CEE31EA00D1FACE /* Domain */ = {
			isa = PBXGroup;
			children = (
				66813B0E2CEE374500D1FACE /* Protocols */,
				66813B0F2CEE378A00D1FACE /* UseCases */,
				66813AC52CEE31EA00D1FACE /* Entities */,
				66813B112CEE37D300D1FACE /* Extensions */,
			);
			path = Domain;
			sourceTree = "<group>";
		};
		66813AD12CEE31EA00D1FACE /* CollectionViewCell */ = {
			isa = PBXGroup;
			children = (
				66813ACF2CEE31EA00D1FACE /* TransformationCollectionViewCell.swift */,
				66813AD02CEE31EA00D1FACE /* TransformationCollectionViewCell.xib */,
			);
			path = CollectionViewCell;
			sourceTree = "<group>";
		};
		66813AD72CEE31EA00D1FACE /* Cell */ = {
			isa = PBXGroup;
			children = (
				66813AD52CEE31EA00D1FACE /* HeroTableViewCell.swift */,
				66813AD62CEE31EA00D1FACE /* HeroTableViewCell.xib */,
			);
			path = Cell;
			sourceTree = "<group>";
		};
		66813AE82CEE31EA00D1FACE /* KCReactive */ = {
			isa = PBXGroup;
			children = (
				66813B2F2CEE4E3100D1FACE /* Preview Content */,
				66813B092CEE329700D1FACE /* Common */,
				66813B082CEE320E00D1FACE /* Presentation */,
				66813AC62CEE31EA00D1FACE /* Domain */,
				66813AC12CEE31EA00D1FACE /* Data */,
				66813ADF2CEE31EA00D1FACE /* AppDelegate.swift */,
				66813AE02CEE31EA00D1FACE /* Assets.xcassets */,
				66813AE12CEE31EA00D1FACE /* Info.plist */,
				66813AE32CEE31EA00D1FACE /* LaunchScreen.storyboard */,
				66813AE62CEE31EA00D1FACE /* SceneDelegate.swift */,
			);
			path = KCReactive;
			sourceTree = "<group>";
		};
		66813B082CEE320E00D1FACE /* Presentation */ = {
			isa = PBXGroup;
			children = (
				66813B152CEE384000D1FACE /* Scenes */,
			);
			path = Presentation;
			sourceTree = "<group>";
		};
		66813B092CEE329700D1FACE /* Common */ = {
			isa = PBXGroup;
			children = (
				66813B1C2CEE39CC00D1FACE /* UI */,
			);
			path = Common;
			sourceTree = "<group>";
		};
		66813B0A2CEE35D100D1FACE /* Local */ = {
			isa = PBXGroup;
			children = (
				66813B2B2CEE470300D1FACE /* ConstantsApp.swift */,
			);
			path = Local;
			sourceTree = "<group>";
		};
		66813B0B2CEE35EB00D1FACE /* Network */ = {
			isa = PBXGroup;
			children = (
				66813B0D2CEE360C00D1FACE /* BaseNetwork */,
			);
			path = Network;
			sourceTree = "<group>";
		};
		66813B0C2CEE35F800D1FACE /* Repositories */ = {
			isa = PBXGroup;
			children = (
				66813B3A2CEE5D4A00D1FACE /* TransformationRepository.swift */,
				66813B382CEE5D3300D1FACE /* HeroRepository.swift */,
				66813B322CEE4EE000D1FACE /* LoginRepository.swift */,
			);
			path = Repositories;
			sourceTree = "<group>";
		};
		66813B0D2CEE360C00D1FACE /* BaseNetwork */ = {
			isa = PBXGroup;
			children = (
				66813ABD2CEE31EA00D1FACE /* BaseNetwork.swift */,
				66813B292CEE43EB00D1FACE /* HTTPMethods.swift */,
				66813B272CEE429600D1FACE /* HTTPResponseCodes.swift */,
				66813ABB2CEE31EA00D1FACE /* AuthenticationError.swift */,
				66813ABE2CEE31EA00D1FACE /* Endpoints.swift */,
				66813ABC2CEE31EA00D1FACE /* NetworkLogin.swift */,
				66813B2D2CEE4BAB00D1FACE /* NetworkHeroe.swift */,
				66813B362CEE5C2C00D1FACE /* NetworkTransformation.swift */,
			);
			path = BaseNetwork;
			sourceTree = "<group>";
		};
		66813B0E2CEE374500D1FACE /* Protocols */ = {
			isa = PBXGroup;
			children = (
				66813B402CEE5F8D00D1FACE /* TransformationRepositoryProtocol.swift */,
				66813B422CEE5F9A00D1FACE /* TransformationUseCaseProtocol.swift */,
				66813B3E2CEE5F0800D1FACE /* HeroRepositoryProtocol.swift */,
				66813B3C2CEE5EF300D1FACE /* HeroUseCaseProtocol.swift */,
				66813B212CEE415D00D1FACE /* LoginRepositoryProtocol.swift */,
				66813B232CEE41A500D1FACE /* LoginUseCaseProtocol.swift */,
			);
			path = Protocols;
			sourceTree = "<group>";
		};
		66813B0F2CEE378A00D1FACE /* UseCases */ = {
			isa = PBXGroup;
			children = (
				66813B462CEE603100D1FACE /* TransformationUseCase.swift */,
				66813B442CEE600700D1FACE /* HeroUseCase.swift */,
				66813B1D2CEE410200D1FACE /* LoginUseCase.swift */,
			);
			path = UseCases;
			sourceTree = "<group>";
		};
		66813B112CEE37D300D1FACE /* Extensions */ = {
			isa = PBXGroup;
			children = (
			);
			path = Extensions;
			sourceTree = "<group>";
		};
		66813B122CEE37EC00D1FACE /* Login */ = {
			isa = PBXGroup;
			children = (
				66813B172CEE38B200D1FACE /* ViewModel */,
				66813B162CEE38AC00D1FACE /* View */,
			);
			path = Login;
			sourceTree = "<group>";
		};
		66813B132CEE380800D1FACE /* Heroes */ = {
			isa = PBXGroup;
			children = (
				66813B182CEE38C600D1FACE /* ViewModel */,
				66813B192CEE38CC00D1FACE /* View */,
			);
			path = Heroes;
			sourceTree = "<group>";
		};
		66813B142CEE381A00D1FACE /* Details */ = {
			isa = PBXGroup;
			children = (
				66813B1A2CEE38D800D1FACE /* ViewModel */,
				66813B1B2CEE38DD00D1FACE /* View */,
			);
			path = Details;
			sourceTree = "<group>";
		};
		66813B152CEE384000D1FACE /* Scenes */ = {
			isa = PBXGroup;
			children = (
				66813B122CEE37EC00D1FACE /* Login */,
				66813B132CEE380800D1FACE /* Heroes */,
				66813B142CEE381A00D1FACE /* Details */,
			);
			path = Scenes;
			sourceTree = "<group>";
		};
		66813B162CEE38AC00D1FACE /* View */ = {
			isa = PBXGroup;
			children = (
				66813ADB2CEE31EA00D1FACE /* LoginViewController.swift */,
				66813ADC2CEE31EA00D1FACE /* LoginViewController.xib */,
			);
			path = View;
			sourceTree = "<group>";
		};
		66813B172CEE38B200D1FACE /* ViewModel */ = {
			isa = PBXGroup;
			children = (
				66813ACD2CEE31EA00D1FACE /* LoginViewModel.swift */,
			);
			path = ViewModel;
			sourceTree = "<group>";
		};
		66813B182CEE38C600D1FACE /* ViewModel */ = {
			isa = PBXGroup;
			children = (
				66813ACC2CEE31EA00D1FACE /* HeroesViewModel.swift */,
			);
			path = ViewModel;
			sourceTree = "<group>";
		};
		66813B192CEE38CC00D1FACE /* View */ = {
			isa = PBXGroup;
			children = (
				66813AD82CEE31EA00D1FACE /* HeroTableViewController.swift */,
				66813AD92CEE31EA00D1FACE /* HeroTableViewController.xib */,
				66813AD72CEE31EA00D1FACE /* Cell */,
			);
			path = View;
			sourceTree = "<group>";
		};
		66813B1A2CEE38D800D1FACE /* ViewModel */ = {
			isa = PBXGroup;
			children = (
				66813ACB2CEE31EA00D1FACE /* DetailsViewModel.swift */,
			);
			path = ViewModel;
			sourceTree = "<group>";
		};
		66813B1B2CEE38DD00D1FACE /* View */ = {
			isa = PBXGroup;
			children = (
				66813AD22CEE31EA00D1FACE /* DetailsViewController.swift */,
				66813AD32CEE31EA00D1FACE /* DetailsViewController.xib */,
				66813AD12CEE31EA00D1FACE /* CollectionViewCell */,
			);
			path = View;
			sourceTree = "<group>";
		};
		66813B1C2CEE39CC00D1FACE /* UI */ = {
			isa = PBXGroup;
			children = (
				66C8828B2CF3263000626D35 /* KeyboardManager.swift */,
				66C882892CF324C400626D35 /* UIView+Extensions.swift */,
				66813AC82CEE31EA00D1FACE /* ToastView.swift */,
				66813AC92CEE31EA00D1FACE /* UIImage+Extensions.swift */,
			);
			path = UI;
			sourceTree = "<group>";
		};
		66813B2F2CEE4E3100D1FACE /* Preview Content */ = {
			isa = PBXGroup;
			children = (
				66813B342CEE524300D1FACE /* LoginRepositoryFake.swift */,
				66813B482CEE638900D1FACE /* HeroRepositoryFake.swift */,
				66813B4A2CEE639E00D1FACE /* TransformationRepositoryFake.swift */,
			);
			path = "Preview Content";
			sourceTree = "<group>";
		};
		66D1D3EE2CE678E200F546B2 = {
			isa = PBXGroup;
			children = (
				66779B3E2CF3847B0052C9AA /* Localizable.strings */,
				66813AE82CEE31EA00D1FACE /* KCReactive */,
				66D1D4102CE678E400F546B2 /* KCReactiveTests */,
				66D1D3F82CE678E200F546B2 /* Products */,
			);
			sourceTree = "<group>";
		};
		66D1D3F82CE678E200F546B2 /* Products */ = {
			isa = PBXGroup;
			children = (
				66D1D3F72CE678E200F546B2 /* KCReactive.app */,
				66D1D40D2CE678E400F546B2 /* KCReactiveTests.xctest */,
			);
			name = Products;
			sourceTree = "<group>";
		};
/* End PBXGroup section */

/* Begin PBXNativeTarget section */
		66D1D3F62CE678E200F546B2 /* KCReactive */ = {
			isa = PBXNativeTarget;
			buildConfigurationList = 66D1D4202CE678E400F546B2 /* Build configuration list for PBXNativeTarget "KCReactive" */;
			buildPhases = (
				66D1D3F32CE678E200F546B2 /* Sources */,
				66D1D3F42CE678E200F546B2 /* Frameworks */,
				66D1D3F52CE678E200F546B2 /* Resources */,
			);
			buildRules = (
			);
			dependencies = (
			);
			name = KCReactive;
			packageProductDependencies = (
				66D1D4342CE67AFE00F546B2 /* KeychainSwift */,
				663658D62CE73D5E000EA09D /* CombineCocoa */,
			);
			productName = KCReactive;
			productReference = 66D1D3F72CE678E200F546B2 /* KCReactive.app */;
			productType = "com.apple.product-type.application";
		};
		66D1D40C2CE678E400F546B2 /* KCReactiveTests */ = {
			isa = PBXNativeTarget;
			buildConfigurationList = 66D1D4252CE678E400F546B2 /* Build configuration list for PBXNativeTarget "KCReactiveTests" */;
			buildPhases = (
				66D1D4092CE678E400F546B2 /* Sources */,
				66D1D40A2CE678E400F546B2 /* Frameworks */,
				66D1D40B2CE678E400F546B2 /* Resources */,
			);
			buildRules = (
			);
			dependencies = (
				66D1D40F2CE678E400F546B2 /* PBXTargetDependency */,
			);
			fileSystemSynchronizedGroups = (
				66D1D4102CE678E400F546B2 /* KCReactiveTests */,
			);
			name = KCReactiveTests;
			packageProductDependencies = (
			);
			productName = KCReactiveTests;
			productReference = 66D1D40D2CE678E400F546B2 /* KCReactiveTests.xctest */;
			productType = "com.apple.product-type.bundle.unit-test";
		};
/* End PBXNativeTarget section */

/* Begin PBXProject section */
		66D1D3EF2CE678E200F546B2 /* Project object */ = {
			isa = PBXProject;
			attributes = {
				BuildIndependentTargetsInParallel = 1;
				LastSwiftUpdateCheck = 1610;
				LastUpgradeCheck = 1610;
				TargetAttributes = {
					66D1D3F62CE678E200F546B2 = {
						CreatedOnToolsVersion = 16.1;
					};
					66D1D40C2CE678E400F546B2 = {
						CreatedOnToolsVersion = 16.1;
						TestTargetID = 66D1D3F62CE678E200F546B2;
					};
				};
			};
			buildConfigurationList = 66D1D3F22CE678E200F546B2 /* Build configuration list for PBXProject "KCReactive" */;
			developmentRegion = en;
			hasScannedForEncodings = 0;
			knownRegions = (
				en,
				Base,
				es,
			);
			mainGroup = 66D1D3EE2CE678E200F546B2;
			minimizedProjectReferenceProxies = 1;
			packageReferences = (
				66D1D42B2CE6794900F546B2 /* XCRemoteSwiftPackageReference "CombineCocoa" */,
				66D1D42C2CE6799300F546B2 /* XCRemoteSwiftPackageReference "keychain-swift" */,
			);
			preferredProjectObjectVersion = 77;
			productRefGroup = 66D1D3F82CE678E200F546B2 /* Products */;
			projectDirPath = "";
			projectRoot = "";
			targets = (
				66D1D3F62CE678E200F546B2 /* KCReactive */,
				66D1D40C2CE678E400F546B2 /* KCReactiveTests */,
			);
		};
/* End PBXProject section */

/* Begin PBXResourcesBuildPhase section */
		66D1D3F52CE678E200F546B2 /* Resources */ = {
			isa = PBXResourcesBuildPhase;
			buildActionMask = 2147483647;
			files = (
				66813AE92CEE31EA00D1FACE /* TransformationCollectionViewCell.xib in Resources */,
				66813AEA2CEE31EA00D1FACE /* DetailsViewController.xib in Resources */,
				66813AEB2CEE31EA00D1FACE /* HeroTableViewCell.xib in Resources */,
				66813AEC2CEE31EA00D1FACE /* HeroTableViewController.xib in Resources */,
				66813AED2CEE31EA00D1FACE /* LoginViewController.xib in Resources */,
				66779B412CF3847B0052C9AA /* Localizable.strings in Resources */,
				66813AEE2CEE31EA00D1FACE /* Assets.xcassets in Resources */,
				66813AF02CEE31EA00D1FACE /* LaunchScreen.storyboard in Resources */,
			);
			runOnlyForDeploymentPostprocessing = 0;
		};
		66D1D40B2CE678E400F546B2 /* Resources */ = {
			isa = PBXResourcesBuildPhase;
			buildActionMask = 2147483647;
			files = (
				66779B402CF3847B0052C9AA /* Localizable.strings in Resources */,
			);
			runOnlyForDeploymentPostprocessing = 0;
		};
/* End PBXResourcesBuildPhase section */

/* Begin PBXSourcesBuildPhase section */
		66D1D3F32CE678E200F546B2 /* Sources */ = {
			isa = PBXSourcesBuildPhase;
			buildActionMask = 2147483647;
			files = (
				66813AF22CEE31EA00D1FACE /* AuthenticationError.swift in Sources */,
				66813AF32CEE31EA00D1FACE /* NetworkLogin.swift in Sources */,
				66813B2E2CEE4BB100D1FACE /* NetworkHeroe.swift in Sources */,
				66813AF42CEE31EA00D1FACE /* BaseNetwork.swift in Sources */,
				66813B1E2CEE411000D1FACE /* LoginUseCase.swift in Sources */,
				66813B3D2CEE5EF300D1FACE /* HeroUseCaseProtocol.swift in Sources */,
				66813B412CEE5F8D00D1FACE /* TransformationRepositoryProtocol.swift in Sources */,
				66813AF52CEE31EA00D1FACE /* Endpoints.swift in Sources */,
				66813B2A2CEE43EB00D1FACE /* HTTPMethods.swift in Sources */,
				66813AF72CEE31EA00D1FACE /* Hero.swift in Sources */,
				66813AF82CEE31EA00D1FACE /* KeyChain.swift in Sources */,
				66813B4B2CEE639E00D1FACE /* TransformationRepositoryFake.swift in Sources */,
				66813B332CEE4EEA00D1FACE /* LoginRepository.swift in Sources */,
				66813AF92CEE31EA00D1FACE /* Transformation.swift in Sources */,
				66813B2C2CEE470D00D1FACE /* ConstantsApp.swift in Sources */,
				66813AFB2CEE31EA00D1FACE /* ToastView.swift in Sources */,
				66813B492CEE638900D1FACE /* HeroRepositoryFake.swift in Sources */,
				66813B352CEE525100D1FACE /* LoginRepositoryFake.swift in Sources */,
				66813B452CEE600700D1FACE /* HeroUseCase.swift in Sources */,
				66813AFC2CEE31EA00D1FACE /* UIImage+Extensions.swift in Sources */,
				66813B3F2CEE5F0800D1FACE /* HeroRepositoryProtocol.swift in Sources */,
				66813AFD2CEE31EA00D1FACE /* DetailsViewModel.swift in Sources */,
				66C8828A2CF324D600626D35 /* UIView+Extensions.swift in Sources */,
				66813AFE2CEE31EA00D1FACE /* HeroesViewModel.swift in Sources */,
				66C8828C2CF3263000626D35 /* KeyboardManager.swift in Sources */,
				66813AFF2CEE31EA00D1FACE /* LoginViewModel.swift in Sources */,
				66813B002CEE31EA00D1FACE /* TransformationCollectionViewCell.swift in Sources */,
				66813B432CEE5F9B00D1FACE /* TransformationUseCaseProtocol.swift in Sources */,
				66813B012CEE31EA00D1FACE /* DetailsViewController.swift in Sources */,
				66813B3B2CEE5D5600D1FACE /* TransformationRepository.swift in Sources */,
				66813B282CEE42A500D1FACE /* HTTPResponseCodes.swift in Sources */,
				66813B242CEE41AC00D1FACE /* LoginUseCaseProtocol.swift in Sources */,
				66813B022CEE31EA00D1FACE /* HeroTableViewCell.swift in Sources */,
				66813B032CEE31EA00D1FACE /* HeroTableViewController.swift in Sources */,
				66813B042CEE31EA00D1FACE /* LoginViewController.swift in Sources */,
				66813B052CEE31EA00D1FACE /* AppDelegate.swift in Sources */,
				66813B472CEE603100D1FACE /* TransformationUseCase.swift in Sources */,
				66813B062CEE31EA00D1FACE /* SceneDelegate.swift in Sources */,
				66813B372CEE5C3600D1FACE /* NetworkTransformation.swift in Sources */,
				66813B392CEE5D3C00D1FACE /* HeroRepository.swift in Sources */,
				66813B222CEE416600D1FACE /* LoginRepositoryProtocol.swift in Sources */,
			);
			runOnlyForDeploymentPostprocessing = 0;
		};
		66D1D4092CE678E400F546B2 /* Sources */ = {
			isa = PBXSourcesBuildPhase;
			buildActionMask = 2147483647;
			files = (
			);
			runOnlyForDeploymentPostprocessing = 0;
		};
/* End PBXSourcesBuildPhase section */

/* Begin PBXTargetDependency section */
		66D1D40F2CE678E400F546B2 /* PBXTargetDependency */ = {
			isa = PBXTargetDependency;
			target = 66D1D3F62CE678E200F546B2 /* KCReactive */;
			targetProxy = 66D1D40E2CE678E400F546B2 /* PBXContainerItemProxy */;
		};
/* End PBXTargetDependency section */

/* Begin PBXVariantGroup section */
		66779B3E2CF3847B0052C9AA /* Localizable.strings */ = {
			isa = PBXVariantGroup;
			children = (
				66779B3F2CF3847B0052C9AA /* en */,
				66779B432CF384F40052C9AA /* es */,
			);
			name = Localizable.strings;
			sourceTree = "<group>";
		};
		66813AE32CEE31EA00D1FACE /* LaunchScreen.storyboard */ = {
			isa = PBXVariantGroup;
			children = (
				66813AE22CEE31EA00D1FACE /* Base */,
				66779B422CF384CF0052C9AA /* es */,
			);
			name = LaunchScreen.storyboard;
			sourceTree = "<group>";
		};
/* End PBXVariantGroup section */

/* Begin XCBuildConfiguration section */
		66D1D4212CE678E400F546B2 /* Debug */ = {
			isa = XCBuildConfiguration;
			buildSettings = {
				ASSETCATALOG_COMPILER_APPICON_NAME = AppIcon;
				ASSETCATALOG_COMPILER_GLOBAL_ACCENT_COLOR_NAME = AccentColor;
				CODE_SIGN_STYLE = Automatic;
				CURRENT_PROJECT_VERSION = 1;
				DEVELOPMENT_ASSET_PATHS = "KCReactive/Preview\\ Content";
				DEVELOPMENT_TEAM = 9M98K8Y584;
				GENERATE_INFOPLIST_FILE = YES;
				INFOPLIST_FILE = KCReactive/Info.plist;
				INFOPLIST_KEY_CFBundleDisplayName = "Dragon Ball";
				INFOPLIST_KEY_UIApplicationSupportsIndirectInputEvents = YES;
				INFOPLIST_KEY_UILaunchStoryboardName = LaunchScreen.storyboard;
				INFOPLIST_KEY_UISupportedInterfaceOrientations = UIInterfaceOrientationPortrait;
				INFOPLIST_KEY_UISupportedInterfaceOrientations_iPad = "UIInterfaceOrientationLandscapeLeft UIInterfaceOrientationLandscapeRight UIInterfaceOrientationPortrait UIInterfaceOrientationPortraitUpsideDown";
				LD_RUNPATH_SEARCH_PATHS = (
					"$(inherited)",
					"@executable_path/Frameworks",
				);
				MARKETING_VERSION = 1.0;
				PRODUCT_BUNDLE_IDENTIFIER = herni.rg.KCReactive;
				PRODUCT_NAME = "$(TARGET_NAME)";
				SUPPORTED_PLATFORMS = "iphoneos iphonesimulator";
				SUPPORTS_MACCATALYST = NO;
				SUPPORTS_MAC_DESIGNED_FOR_IPHONE_IPAD = NO;
				SUPPORTS_XR_DESIGNED_FOR_IPHONE_IPAD = NO;
				SWIFT_EMIT_LOC_STRINGS = YES;
				SWIFT_VERSION = 5.0;
				TARGETED_DEVICE_FAMILY = 1;
			};
			name = Debug;
		};
		66D1D4222CE678E400F546B2 /* Release */ = {
			isa = XCBuildConfiguration;
			buildSettings = {
				ASSETCATALOG_COMPILER_APPICON_NAME = AppIcon;
				ASSETCATALOG_COMPILER_GLOBAL_ACCENT_COLOR_NAME = AccentColor;
				CODE_SIGN_STYLE = Automatic;
				CURRENT_PROJECT_VERSION = 1;
				DEVELOPMENT_ASSET_PATHS = "KCReactive/Preview\\ Content";
				DEVELOPMENT_TEAM = 9M98K8Y584;
				GENERATE_INFOPLIST_FILE = YES;
				INFOPLIST_FILE = KCReactive/Info.plist;
				INFOPLIST_KEY_CFBundleDisplayName = "Dragon Ball";
				INFOPLIST_KEY_UIApplicationSupportsIndirectInputEvents = YES;
				INFOPLIST_KEY_UILaunchStoryboardName = LaunchScreen.storyboard;
				INFOPLIST_KEY_UISupportedInterfaceOrientations = UIInterfaceOrientationPortrait;
				INFOPLIST_KEY_UISupportedInterfaceOrientations_iPad = "UIInterfaceOrientationLandscapeLeft UIInterfaceOrientationLandscapeRight UIInterfaceOrientationPortrait UIInterfaceOrientationPortraitUpsideDown";
				LD_RUNPATH_SEARCH_PATHS = (
					"$(inherited)",
					"@executable_path/Frameworks",
				);
				MARKETING_VERSION = 1.0;
				PRODUCT_BUNDLE_IDENTIFIER = herni.rg.KCReactive;
				PRODUCT_NAME = "$(TARGET_NAME)";
				SUPPORTED_PLATFORMS = "iphoneos iphonesimulator";
				SUPPORTS_MACCATALYST = NO;
				SUPPORTS_MAC_DESIGNED_FOR_IPHONE_IPAD = NO;
				SUPPORTS_XR_DESIGNED_FOR_IPHONE_IPAD = NO;
				SWIFT_EMIT_LOC_STRINGS = YES;
				SWIFT_VERSION = 5.0;
				TARGETED_DEVICE_FAMILY = 1;
			};
			name = Release;
		};
		66D1D4232CE678E400F546B2 /* Debug */ = {
			isa = XCBuildConfiguration;
			buildSettings = {
				ALWAYS_SEARCH_USER_PATHS = NO;
				ASSETCATALOG_COMPILER_GENERATE_SWIFT_ASSET_SYMBOL_EXTENSIONS = YES;
				CLANG_ANALYZER_LOCALIZABILITY_NONLOCALIZED = YES;
				CLANG_ANALYZER_NONNULL = YES;
				CLANG_ANALYZER_NUMBER_OBJECT_CONVERSION = YES_AGGRESSIVE;
				CLANG_CXX_LANGUAGE_STANDARD = "gnu++20";
				CLANG_ENABLE_MODULES = YES;
				CLANG_ENABLE_OBJC_ARC = YES;
				CLANG_ENABLE_OBJC_WEAK = YES;
				CLANG_WARN_BLOCK_CAPTURE_AUTORELEASING = YES;
				CLANG_WARN_BOOL_CONVERSION = YES;
				CLANG_WARN_COMMA = YES;
				CLANG_WARN_CONSTANT_CONVERSION = YES;
				CLANG_WARN_DEPRECATED_OBJC_IMPLEMENTATIONS = YES;
				CLANG_WARN_DIRECT_OBJC_ISA_USAGE = YES_ERROR;
				CLANG_WARN_DOCUMENTATION_COMMENTS = YES;
				CLANG_WARN_EMPTY_BODY = YES;
				CLANG_WARN_ENUM_CONVERSION = YES;
				CLANG_WARN_INFINITE_RECURSION = YES;
				CLANG_WARN_INT_CONVERSION = YES;
				CLANG_WARN_NON_LITERAL_NULL_CONVERSION = YES;
				CLANG_WARN_OBJC_IMPLICIT_RETAIN_SELF = YES;
				CLANG_WARN_OBJC_LITERAL_CONVERSION = YES;
				CLANG_WARN_OBJC_ROOT_CLASS = YES_ERROR;
				CLANG_WARN_QUOTED_INCLUDE_IN_FRAMEWORK_HEADER = YES;
				CLANG_WARN_RANGE_LOOP_ANALYSIS = YES;
				CLANG_WARN_STRICT_PROTOTYPES = YES;
				CLANG_WARN_SUSPICIOUS_MOVE = YES;
				CLANG_WARN_UNGUARDED_AVAILABILITY = YES_AGGRESSIVE;
				CLANG_WARN_UNREACHABLE_CODE = YES;
				CLANG_WARN__DUPLICATE_METHOD_MATCH = YES;
				COPY_PHASE_STRIP = NO;
				DEBUG_INFORMATION_FORMAT = dwarf;
				ENABLE_STRICT_OBJC_MSGSEND = YES;
				ENABLE_TESTABILITY = YES;
				ENABLE_USER_SCRIPT_SANDBOXING = YES;
				GCC_C_LANGUAGE_STANDARD = gnu17;
				GCC_DYNAMIC_NO_PIC = NO;
				GCC_NO_COMMON_BLOCKS = YES;
				GCC_OPTIMIZATION_LEVEL = 0;
				GCC_PREPROCESSOR_DEFINITIONS = (
					"DEBUG=1",
					"$(inherited)",
				);
				GCC_WARN_64_TO_32_BIT_CONVERSION = YES;
				GCC_WARN_ABOUT_RETURN_TYPE = YES_ERROR;
				GCC_WARN_UNDECLARED_SELECTOR = YES;
				GCC_WARN_UNINITIALIZED_AUTOS = YES_AGGRESSIVE;
				GCC_WARN_UNUSED_FUNCTION = YES;
				GCC_WARN_UNUSED_VARIABLE = YES;
				IPHONEOS_DEPLOYMENT_TARGET = 18.1;
				LOCALIZATION_PREFERS_STRING_CATALOGS = YES;
				MTL_ENABLE_DEBUG_INFO = INCLUDE_SOURCE;
				MTL_FAST_MATH = YES;
				ONLY_ACTIVE_ARCH = YES;
				SDKROOT = iphoneos;
				SWIFT_ACTIVE_COMPILATION_CONDITIONS = "DEBUG $(inherited)";
				SWIFT_OPTIMIZATION_LEVEL = "-Onone";
			};
			name = Debug;
		};
		66D1D4242CE678E400F546B2 /* Release */ = {
			isa = XCBuildConfiguration;
			buildSettings = {
				ALWAYS_SEARCH_USER_PATHS = NO;
				ASSETCATALOG_COMPILER_GENERATE_SWIFT_ASSET_SYMBOL_EXTENSIONS = YES;
				CLANG_ANALYZER_LOCALIZABILITY_NONLOCALIZED = YES;
				CLANG_ANALYZER_NONNULL = YES;
				CLANG_ANALYZER_NUMBER_OBJECT_CONVERSION = YES_AGGRESSIVE;
				CLANG_CXX_LANGUAGE_STANDARD = "gnu++20";
				CLANG_ENABLE_MODULES = YES;
				CLANG_ENABLE_OBJC_ARC = YES;
				CLANG_ENABLE_OBJC_WEAK = YES;
				CLANG_WARN_BLOCK_CAPTURE_AUTORELEASING = YES;
				CLANG_WARN_BOOL_CONVERSION = YES;
				CLANG_WARN_COMMA = YES;
				CLANG_WARN_CONSTANT_CONVERSION = YES;
				CLANG_WARN_DEPRECATED_OBJC_IMPLEMENTATIONS = YES;
				CLANG_WARN_DIRECT_OBJC_ISA_USAGE = YES_ERROR;
				CLANG_WARN_DOCUMENTATION_COMMENTS = YES;
				CLANG_WARN_EMPTY_BODY = YES;
				CLANG_WARN_ENUM_CONVERSION = YES;
				CLANG_WARN_INFINITE_RECURSION = YES;
				CLANG_WARN_INT_CONVERSION = YES;
				CLANG_WARN_NON_LITERAL_NULL_CONVERSION = YES;
				CLANG_WARN_OBJC_IMPLICIT_RETAIN_SELF = YES;
				CLANG_WARN_OBJC_LITERAL_CONVERSION = YES;
				CLANG_WARN_OBJC_ROOT_CLASS = YES_ERROR;
				CLANG_WARN_QUOTED_INCLUDE_IN_FRAMEWORK_HEADER = YES;
				CLANG_WARN_RANGE_LOOP_ANALYSIS = YES;
				CLANG_WARN_STRICT_PROTOTYPES = YES;
				CLANG_WARN_SUSPICIOUS_MOVE = YES;
				CLANG_WARN_UNGUARDED_AVAILABILITY = YES_AGGRESSIVE;
				CLANG_WARN_UNREACHABLE_CODE = YES;
				CLANG_WARN__DUPLICATE_METHOD_MATCH = YES;
				COPY_PHASE_STRIP = NO;
				DEBUG_INFORMATION_FORMAT = "dwarf-with-dsym";
				ENABLE_NS_ASSERTIONS = NO;
				ENABLE_STRICT_OBJC_MSGSEND = YES;
				ENABLE_USER_SCRIPT_SANDBOXING = YES;
				GCC_C_LANGUAGE_STANDARD = gnu17;
				GCC_NO_COMMON_BLOCKS = YES;
				GCC_WARN_64_TO_32_BIT_CONVERSION = YES;
				GCC_WARN_ABOUT_RETURN_TYPE = YES_ERROR;
				GCC_WARN_UNDECLARED_SELECTOR = YES;
				GCC_WARN_UNINITIALIZED_AUTOS = YES_AGGRESSIVE;
				GCC_WARN_UNUSED_FUNCTION = YES;
				GCC_WARN_UNUSED_VARIABLE = YES;
				IPHONEOS_DEPLOYMENT_TARGET = 18.1;
				LOCALIZATION_PREFERS_STRING_CATALOGS = YES;
				MTL_ENABLE_DEBUG_INFO = NO;
				MTL_FAST_MATH = YES;
				SDKROOT = iphoneos;
				SWIFT_COMPILATION_MODE = wholemodule;
				VALIDATE_PRODUCT = YES;
			};
			name = Release;
		};
		66D1D4262CE678E400F546B2 /* Debug */ = {
			isa = XCBuildConfiguration;
			buildSettings = {
				BUNDLE_LOADER = "$(TEST_HOST)";
				CODE_SIGN_STYLE = Automatic;
				CURRENT_PROJECT_VERSION = 1;
				DEVELOPMENT_TEAM = 9M98K8Y584;
				GENERATE_INFOPLIST_FILE = YES;
				IPHONEOS_DEPLOYMENT_TARGET = 18.1;
				MARKETING_VERSION = 1.0;
				PRODUCT_BUNDLE_IDENTIFIER = herni.rg.KCReactiveTests;
				PRODUCT_NAME = "$(TARGET_NAME)";
				SWIFT_EMIT_LOC_STRINGS = NO;
				SWIFT_VERSION = 5.0;
				TARGETED_DEVICE_FAMILY = "1,2";
				TEST_HOST = "$(BUILT_PRODUCTS_DIR)/KCReactive.app/$(BUNDLE_EXECUTABLE_FOLDER_PATH)/KCReactive";
			};
			name = Debug;
		};
		66D1D4272CE678E400F546B2 /* Release */ = {
			isa = XCBuildConfiguration;
			buildSettings = {
				BUNDLE_LOADER = "$(TEST_HOST)";
				CODE_SIGN_STYLE = Automatic;
				CURRENT_PROJECT_VERSION = 1;
				DEVELOPMENT_TEAM = 9M98K8Y584;
				GENERATE_INFOPLIST_FILE = YES;
				IPHONEOS_DEPLOYMENT_TARGET = 18.1;
				MARKETING_VERSION = 1.0;
				PRODUCT_BUNDLE_IDENTIFIER = herni.rg.KCReactiveTests;
				PRODUCT_NAME = "$(TARGET_NAME)";
				SWIFT_EMIT_LOC_STRINGS = NO;
				SWIFT_VERSION = 5.0;
				TARGETED_DEVICE_FAMILY = "1,2";
				TEST_HOST = "$(BUILT_PRODUCTS_DIR)/KCReactive.app/$(BUNDLE_EXECUTABLE_FOLDER_PATH)/KCReactive";
			};
			name = Release;
		};
/* End XCBuildConfiguration section */

/* Begin XCConfigurationList section */
		66D1D3F22CE678E200F546B2 /* Build configuration list for PBXProject "KCReactive" */ = {
			isa = XCConfigurationList;
			buildConfigurations = (
				66D1D4232CE678E400F546B2 /* Debug */,
				66D1D4242CE678E400F546B2 /* Release */,
			);
			defaultConfigurationIsVisible = 0;
			defaultConfigurationName = Release;
		};
		66D1D4202CE678E400F546B2 /* Build configuration list for PBXNativeTarget "KCReactive" */ = {
			isa = XCConfigurationList;
			buildConfigurations = (
				66D1D4212CE678E400F546B2 /* Debug */,
				66D1D4222CE678E400F546B2 /* Release */,
			);
			defaultConfigurationIsVisible = 0;
			defaultConfigurationName = Release;
		};
		66D1D4252CE678E400F546B2 /* Build configuration list for PBXNativeTarget "KCReactiveTests" */ = {
			isa = XCConfigurationList;
			buildConfigurations = (
				66D1D4262CE678E400F546B2 /* Debug */,
				66D1D4272CE678E400F546B2 /* Release */,
			);
			defaultConfigurationIsVisible = 0;
			defaultConfigurationName = Release;
		};
/* End XCConfigurationList section */

/* Begin XCRemoteSwiftPackageReference section */
		66D1D42B2CE6794900F546B2 /* XCRemoteSwiftPackageReference "CombineCocoa" */ = {
			isa = XCRemoteSwiftPackageReference;
			repositoryURL = "https://github.com/CombineCommunity/CombineCocoa";
			requirement = {
				kind = upToNextMajorVersion;
				minimumVersion = 0.4.1;
			};
		};
		66D1D42C2CE6799300F546B2 /* XCRemoteSwiftPackageReference "keychain-swift" */ = {
			isa = XCRemoteSwiftPackageReference;
			repositoryURL = "https://github.com/evgenyneu/keychain-swift";
			requirement = {
				kind = upToNextMajorVersion;
				minimumVersion = 24.0.0;
			};
		};
/* End XCRemoteSwiftPackageReference section */

/* Begin XCSwiftPackageProductDependency section */
		663658D62CE73D5E000EA09D /* CombineCocoa */ = {
			isa = XCSwiftPackageProductDependency;
			package = 66D1D42B2CE6794900F546B2 /* XCRemoteSwiftPackageReference "CombineCocoa" */;
			productName = CombineCocoa;
		};
		66D1D4342CE67AFE00F546B2 /* KeychainSwift */ = {
			isa = XCSwiftPackageProductDependency;
			package = 66D1D42C2CE6799300F546B2 /* XCRemoteSwiftPackageReference "keychain-swift" */;
			productName = KeychainSwift;
		};
/* End XCSwiftPackageProductDependency section */
	};
	rootObject = 66D1D3EF2CE678E200F546B2 /* Project object */;
}
